// !$*UTF8*$!
{
	archiveVersion = 1;
	classes = {
	};
	objectVersion = 46;
	objects = {

/* Begin PBXBuildFile section */
		A25B248E1B9CE784007CC04B /* main.cpp in Sources */ = {isa = PBXBuildFile; fileRef = A25B248D1B9CE784007CC04B /* main.cpp */; };
		A2F95B061B9DEFF20055FFFF /* console_parameters.cpp in Sources */ = {isa = PBXBuildFile; fileRef = A2F95B041B9DEFF20055FFFF /* console_parameters.cpp */; };
		A2F95B091B9DFDA50055FFFF /* springleaf_data_parser.cpp in Sources */ = {isa = PBXBuildFile; fileRef = A2F95B071B9DFDA50055FFFF /* springleaf_data_parser.cpp */; };
		A2F95B0D1B9DFDC70055FFFF /* csv_column_reader.cpp in Sources */ = {isa = PBXBuildFile; fileRef = A2F95B0B1B9DFDC70055FFFF /* csv_column_reader.cpp */; };
/* End PBXBuildFile section */

/* Begin PBXCopyFilesBuildPhase section */
		A25B24881B9CE783007CC04B /* CopyFiles */ = {
			isa = PBXCopyFilesBuildPhase;
			buildActionMask = 2147483647;
			dstPath = /usr/share/man/man1/;
			dstSubfolderSpec = 0;
			files = (
			);
			runOnlyForDeploymentPostprocessing = 1;
		};
/* End PBXCopyFilesBuildPhase section */

/* Begin PBXFileReference section */
		A25B248A1B9CE784007CC04B /* kaggle-springleaf-marketing-response */ = {isa = PBXFileReference; explicitFileType = "compiled.mach-o.executable"; includeInIndex = 0; path = "kaggle-springleaf-marketing-response"; sourceTree = BUILT_PRODUCTS_DIR; };
		A25B248D1B9CE784007CC04B /* main.cpp */ = {isa = PBXFileReference; lastKnownFileType = sourcecode.cpp.cpp; path = main.cpp; sourceTree = "<group>"; };
		A2F95B041B9DEFF20055FFFF /* console_parameters.cpp */ = {isa = PBXFileReference; fileEncoding = 4; lastKnownFileType = sourcecode.cpp.cpp; path = console_parameters.cpp; sourceTree = "<group>"; };
		A2F95B051B9DEFF20055FFFF /* console_parameters.h */ = {isa = PBXFileReference; fileEncoding = 4; lastKnownFileType = sourcecode.c.h; path = console_parameters.h; sourceTree = "<group>"; };
		A2F95B071B9DFDA50055FFFF /* springleaf_data_parser.cpp */ = {isa = PBXFileReference; fileEncoding = 4; lastKnownFileType = sourcecode.cpp.cpp; path = springleaf_data_parser.cpp; sourceTree = "<group>"; };
		A2F95B081B9DFDA50055FFFF /* springleaf_data_parser.h */ = {isa = PBXFileReference; fileEncoding = 4; lastKnownFileType = sourcecode.c.h; path = springleaf_data_parser.h; sourceTree = "<group>"; };
		A2F95B0B1B9DFDC70055FFFF /* csv_column_reader.cpp */ = {isa = PBXFileReference; fileEncoding = 4; lastKnownFileType = sourcecode.cpp.cpp; path = csv_column_reader.cpp; sourceTree = "<group>"; };
		A2F95B0C1B9DFDC70055FFFF /* csv_column_reader.h */ = {isa = PBXFileReference; fileEncoding = 4; lastKnownFileType = sourcecode.c.h; path = csv_column_reader.h; sourceTree = "<group>"; };
/* End PBXFileReference section */

/* Begin PBXFrameworksBuildPhase section */
		A25B24871B9CE783007CC04B /* Frameworks */ = {
			isa = PBXFrameworksBuildPhase;
			buildActionMask = 2147483647;
			files = (
			);
			runOnlyForDeploymentPostprocessing = 0;
		};
/* End PBXFrameworksBuildPhase section */

/* Begin PBXGroup section */
		A25B24811B9CE783007CC04B = {
			isa = PBXGroup;
			children = (
				A25B248C1B9CE784007CC04B /* kaggle-springleaf-marketing-response */,
				A25B248B1B9CE784007CC04B /* Products */,
			);
			sourceTree = "<group>";
		};
		A25B248B1B9CE784007CC04B /* Products */ = {
			isa = PBXGroup;
			children = (
				A25B248A1B9CE784007CC04B /* kaggle-springleaf-marketing-response */,
			);
			name = Products;
			sourceTree = "<group>";
		};
		A25B248C1B9CE784007CC04B /* kaggle-springleaf-marketing-response */ = {
			isa = PBXGroup;
			children = (
				A25B248D1B9CE784007CC04B /* main.cpp */,
				A2F95B041B9DEFF20055FFFF /* console_parameters.cpp */,
				A2F95B051B9DEFF20055FFFF /* console_parameters.h */,
				A2F95B071B9DFDA50055FFFF /* springleaf_data_parser.cpp */,
				A2F95B081B9DFDA50055FFFF /* springleaf_data_parser.h */,
				A2F95B0B1B9DFDC70055FFFF /* csv_column_reader.cpp */,
				A2F95B0C1B9DFDC70055FFFF /* csv_column_reader.h */,
			);
			path = "kaggle-springleaf-marketing-response";
			sourceTree = "<group>";
		};
/* End PBXGroup section */

/* Begin PBXNativeTarget section */
		A25B24891B9CE783007CC04B /* kaggle-springleaf-marketing-response */ = {
			isa = PBXNativeTarget;
			buildConfigurationList = A25B24911B9CE784007CC04B /* Build configuration list for PBXNativeTarget "kaggle-springleaf-marketing-response" */;
			buildPhases = (
				A25B24861B9CE783007CC04B /* Sources */,
				A25B24871B9CE783007CC04B /* Frameworks */,
				A25B24881B9CE783007CC04B /* CopyFiles */,
			);
			buildRules = (
			);
			dependencies = (
			);
			name = "kaggle-springleaf-marketing-response";
			productName = "kaggle-springleaf-marketing-response";
			productReference = A25B248A1B9CE784007CC04B /* kaggle-springleaf-marketing-response */;
			productType = "com.apple.product-type.tool";
		};
/* End PBXNativeTarget section */

/* Begin PBXProject section */
		A25B24821B9CE783007CC04B /* Project object */ = {
			isa = PBXProject;
			attributes = {
				LastUpgradeCheck = 0640;
				TargetAttributes = {
					A25B24891B9CE783007CC04B = {
						CreatedOnToolsVersion = 6.4;
					};
				};
			};
			buildConfigurationList = A25B24851B9CE783007CC04B /* Build configuration list for PBXProject "kaggle-springleaf-marketing-response" */;
			compatibilityVersion = "Xcode 3.2";
			developmentRegion = English;
			hasScannedForEncodings = 0;
			knownRegions = (
				en,
			);
			mainGroup = A25B24811B9CE783007CC04B;
			productRefGroup = A25B248B1B9CE784007CC04B /* Products */;
			projectDirPath = "";
			projectRoot = "";
			targets = (
				A25B24891B9CE783007CC04B /* kaggle-springleaf-marketing-response */,
			);
		};
/* End PBXProject section */

/* Begin PBXSourcesBuildPhase section */
		A25B24861B9CE783007CC04B /* Sources */ = {
			isa = PBXSourcesBuildPhase;
			buildActionMask = 2147483647;
			files = (
				A25B248E1B9CE784007CC04B /* main.cpp in Sources */,
				A2F95B0D1B9DFDC70055FFFF /* csv_column_reader.cpp in Sources */,
				A2F95B061B9DEFF20055FFFF /* console_parameters.cpp in Sources */,
				A2F95B091B9DFDA50055FFFF /* springleaf_data_parser.cpp in Sources */,
			);
			runOnlyForDeploymentPostprocessing = 0;
		};
/* End PBXSourcesBuildPhase section */

/* Begin XCBuildConfiguration section */
		A25B248F1B9CE784007CC04B /* Debug */ = {
			isa = XCBuildConfiguration;
			buildSettings = {
				ALWAYS_SEARCH_USER_PATHS = NO;
				CLANG_CXX_LANGUAGE_STANDARD = "gnu++0x";
				CLANG_CXX_LIBRARY = "libc++";
				CLANG_ENABLE_MODULES = YES;
				CLANG_ENABLE_OBJC_ARC = YES;
				CLANG_WARN_BOOL_CONVERSION = YES;
				CLANG_WARN_CONSTANT_CONVERSION = YES;
				CLANG_WARN_DIRECT_OBJC_ISA_USAGE = YES_ERROR;
				CLANG_WARN_EMPTY_BODY = YES;
				CLANG_WARN_ENUM_CONVERSION = YES;
				CLANG_WARN_INT_CONVERSION = YES;
				CLANG_WARN_OBJC_ROOT_CLASS = YES_ERROR;
				CLANG_WARN_UNREACHABLE_CODE = YES;
				CLANG_WARN__DUPLICATE_METHOD_MATCH = YES;
				COPY_PHASE_STRIP = NO;
				DEBUG_INFORMATION_FORMAT = dwarf;
				ENABLE_STRICT_OBJC_MSGSEND = YES;
				GCC_C_LANGUAGE_STANDARD = gnu99;
				GCC_DYNAMIC_NO_PIC = NO;
				GCC_NO_COMMON_BLOCKS = YES;
				GCC_OPTIMIZATION_LEVEL = 0;
				GCC_PREPROCESSOR_DEFINITIONS = (
					"DEBUG=1",
					"$(inherited)",
				);
				GCC_SYMBOLS_PRIVATE_EXTERN = NO;
				GCC_WARN_64_TO_32_BIT_CONVERSION = YES;
				GCC_WARN_ABOUT_RETURN_TYPE = YES_ERROR;
				GCC_WARN_UNDECLARED_SELECTOR = YES;
				GCC_WARN_UNINITIALIZED_AUTOS = YES_AGGRESSIVE;
				GCC_WARN_UNUSED_FUNCTION = YES;
				GCC_WARN_UNUSED_VARIABLE = YES;
				MACOSX_DEPLOYMENT_TARGET = 10.10;
				MTL_ENABLE_DEBUG_INFO = YES;
				ONLY_ACTIVE_ARCH = YES;
				SDKROOT = macosx;
			};
			name = Debug;
		};
		A25B24901B9CE784007CC04B /* Release */ = {
			isa = XCBuildConfiguration;
			buildSettings = {
				ALWAYS_SEARCH_USER_PATHS = NO;
				CLANG_CXX_LANGUAGE_STANDARD = "gnu++0x";
				CLANG_CXX_LIBRARY = "libc++";
				CLANG_ENABLE_MODULES = YES;
				CLANG_ENABLE_OBJC_ARC = YES;
				CLANG_WARN_BOOL_CONVERSION = YES;
				CLANG_WARN_CONSTANT_CONVERSION = YES;
				CLANG_WARN_DIRECT_OBJC_ISA_USAGE = YES_ERROR;
				CLANG_WARN_EMPTY_BODY = YES;
				CLANG_WARN_ENUM_CONVERSION = YES;
				CLANG_WARN_INT_CONVERSION = YES;
				CLANG_WARN_OBJC_ROOT_CLASS = YES_ERROR;
				CLANG_WARN_UNREACHABLE_CODE = YES;
				CLANG_WARN__DUPLICATE_METHOD_MATCH = YES;
				COPY_PHASE_STRIP = NO;
				DEBUG_INFORMATION_FORMAT = "dwarf-with-dsym";
				ENABLE_NS_ASSERTIONS = NO;
				ENABLE_STRICT_OBJC_MSGSEND = YES;
				GCC_C_LANGUAGE_STANDARD = gnu99;
				GCC_NO_COMMON_BLOCKS = YES;
				GCC_WARN_64_TO_32_BIT_CONVERSION = YES;
				GCC_WARN_ABOUT_RETURN_TYPE = YES_ERROR;
				GCC_WARN_UNDECLARED_SELECTOR = YES;
				GCC_WARN_UNINITIALIZED_AUTOS = YES_AGGRESSIVE;
				GCC_WARN_UNUSED_FUNCTION = YES;
				GCC_WARN_UNUSED_VARIABLE = YES;
				MACOSX_DEPLOYMENT_TARGET = 10.10;
				MTL_ENABLE_DEBUG_INFO = NO;
				SDKROOT = macosx;
			};
			name = Release;
		};
		A25B24921B9CE784007CC04B /* Debug */ = {
			isa = XCBuildConfiguration;
			buildSettings = {
				PRODUCT_NAME = "$(TARGET_NAME)";
			};
			name = Debug;
		};
		A25B24931B9CE784007CC04B /* Release */ = {
			isa = XCBuildConfiguration;
			buildSettings = {
				PRODUCT_NAME = "$(TARGET_NAME)";
			};
			name = Release;
		};
/* End XCBuildConfiguration section */

/* Begin XCConfigurationList section */
		A25B24851B9CE783007CC04B /* Build configuration list for PBXProject "kaggle-springleaf-marketing-response" */ = {
			isa = XCConfigurationList;
			buildConfigurations = (
				A25B248F1B9CE784007CC04B /* Debug */,
				A25B24901B9CE784007CC04B /* Release */,
			);
			defaultConfigurationIsVisible = 0;
			defaultConfigurationName = Release;
		};
		A25B24911B9CE784007CC04B /* Build configuration list for PBXNativeTarget "kaggle-springleaf-marketing-response" */ = {
			isa = XCConfigurationList;
			buildConfigurations = (
				A25B24921B9CE784007CC04B /* Debug */,
				A25B24931B9CE784007CC04B /* Release */,
			);
			defaultConfigurationIsVisible = 0;
			defaultConfigurationName = Release;
		};
/* End XCConfigurationList section */
	};
	rootObject = A25B24821B9CE783007CC04B /* Project object */;
}
